
Microsoft Visual Studio Solution File, Format Version 12.00
# Visual Studio 2012
Project("{FAE04EC0-301F-11D3-BF4B-00C04F79EFBC}") = "XFSqliteIOC", "XFSqliteIOC\XFSqliteIOC.csproj", "{65EE325B-FB54-4B9F-A092-9B841BF2D861}"
EndProject
Project("{FAE04EC0-301F-11D3-BF4B-00C04F79EFBC}") = "XFSqliteIOC.iOS", "iOS\XFSqliteIOC.iOS.csproj", "{50AA7DBE-7A67-46D2-AC12-DB6043B696F6}"
EndProject
Project("{FAE04EC0-301F-11D3-BF4B-00C04F79EFBC}") = "XFSqliteIOC.Droid", "Droid\XFSqliteIOC.Droid.csproj", "{92B9835E-1342-4194-9380-D9A89774E46E}"
EndProject
Global
	GlobalSection(SolutionConfigurationPlatforms) = preSolution
		Debug|Any CPU = Debug|Any CPU
		Release|Any CPU = Release|Any CPU
		Debug|iPhoneSimulator = Debug|iPhoneSimulator
		Release|iPhone = Release|iPhone
		Release|iPhoneSimulator = Release|iPhoneSimulator
		Debug|iPhone = Debug|iPhone
	EndGlobalSection
	GlobalSection(ProjectConfigurationPlatforms) = postSolution
		{65EE325B-FB54-4B9F-A092-9B841BF2D861}.Debug|Any CPU.ActiveCfg = Debug|Any CPU
		{65EE325B-FB54-4B9F-A092-9B841BF2D861}.Debug|Any CPU.Build.0 = Debug|Any CPU
		{65EE325B-FB54-4B9F-A092-9B841BF2D861}.Release|Any CPU.ActiveCfg = Release|Any CPU
		{65EE325B-FB54-4B9F-A092-9B841BF2D861}.Release|Any CPU.Build.0 = Release|Any CPU
		{65EE325B-FB54-4B9F-A092-9B841BF2D861}.Debug|iPhoneSimulator.ActiveCfg = Debug|Any CPU
		{65EE325B-FB54-4B9F-A092-9B841BF2D861}.Debug|iPhoneSimulator.Build.0 = Debug|Any CPU
		{65EE325B-FB54-4B9F-A092-9B841BF2D861}.Release|iPhone.ActiveCfg = Release|Any CPU
		{65EE325B-FB54-4B9F-A092-9B841BF2D861}.Release|iPhone.Build.0 = Release|Any CPU
		{65EE325B-FB54-4B9F-A092-9B841BF2D861}.Release|iPhoneSimulator.ActiveCfg = Release|Any CPU
		{65EE325B-FB54-4B9F-A092-9B841BF2D861}.Release|iPhoneSimulator.Build.0 = Release|Any CPU
		{65EE325B-FB54-4B9F-A092-9B841BF2D861}.Debug|iPhone.ActiveCfg = Debug|Any CPU
		{65EE325B-FB54-4B9F-A092-9B841BF2D861}.Debug|iPhone.Build.0 = Debug|Any CPU
		{50AA7DBE-7A67-46D2-AC12-DB6043B696F6}.Debug|Any CPU.ActiveCfg = Debug|iPhoneSimulator
		{50AA7DBE-7A67-46D2-AC12-DB6043B696F6}.Debug|Any CPU.Build.0 = Debug|iPhoneSimulator
		{50AA7DBE-7A67-46D2-AC12-DB6043B696F6}.Release|Any CPU.ActiveCfg = Release|iPhone
		{50AA7DBE-7A67-46D2-AC12-DB6043B696F6}.Release|Any CPU.Build.0 = Release|iPhone
		{50AA7DBE-7A67-46D2-AC12-DB6043B696F6}.Debug|iPhoneSimulator.ActiveCfg = Debug|iPhoneSimulator
		{50AA7DBE-7A67-46D2-AC12-DB6043B696F6}.Debug|iPhoneSimulator.Build.0 = Debug|iPhoneSimulator
		{50AA7DBE-7A67-46D2-AC12-DB6043B696F6}.Release|iPhone.ActiveCfg = Release|iPhone
		{50AA7DBE-7A67-46D2-AC12-DB6043B696F6}.Release|iPhone.Build.0 = Release|iPhone
		{50AA7DBE-7A67-46D2-AC12-DB6043B696F6}.Release|iPhoneSimulator.ActiveCfg = Release|iPhoneSimulator
		{50AA7DBE-7A67-46D2-AC12-DB6043B696F6}.Release|iPhoneSimulator.Build.0 = Release|iPhoneSimulator
		{50AA7DBE-7A67-46D2-AC12-DB6043B696F6}.Debug|iPhone.ActiveCfg = Debug|iPhone
		{50AA7DBE-7A67-46D2-AC12-DB6043B696F6}.Debug|iPhone.Build.0 = Debug|iPhone
		{92B9835E-1342-4194-9380-D9A89774E46E}.Debug|Any CPU.ActiveCfg = Debug|Any CPU
		{92B9835E-1342-4194-9380-D9A89774E46E}.Debug|Any CPU.Build.0 = Debug|Any CPU
		{92B9835E-1342-4194-9380-D9A89774E46E}.Release|Any CPU.ActiveCfg = Release|Any CPU
		{92B9835E-1342-4194-9380-D9A89774E46E}.Release|Any CPU.Build.0 = Release|Any CPU
		{92B9835E-1342-4194-9380-D9A89774E46E}.Debug|iPhoneSimulator.ActiveCfg = Debug|Any CPU
		{92B9835E-1342-4194-9380-D9A89774E46E}.Debug|iPhoneSimulator.Build.0 = Debug|Any CPU
		{92B9835E-1342-4194-9380-D9A89774E46E}.Release|iPhone.ActiveCfg = Release|Any CPU
		{92B9835E-1342-4194-9380-D9A89774E46E}.Release|iPhone.Build.0 = Release|Any CPU
		{92B9835E-1342-4194-9380-D9A89774E46E}.Release|iPhoneSimulator.ActiveCfg = Release|Any CPU
		{92B9835E-1342-4194-9380-D9A89774E46E}.Release|iPhoneSimulator.Build.0 = Release|Any CPU
		{92B9835E-1342-4194-9380-D9A89774E46E}.Debug|iPhone.ActiveCfg = Debug|Any CPU
		{92B9835E-1342-4194-9380-D9A89774E46E}.Debug|iPhone.Build.0 = Debug|Any CPU
	EndGlobalSection
EndGlobal
